{
  "name": "fs-sitemap-generator",
  "version": "1.0.0",
  "lockfileVersion": 2,
  "requires": true,
  "packages": {
    "": {
      "name": "fs-sitemap-generator",
      "version": "1.0.0",
      "license": "ISC",
      "dependencies": {
        "fs-sitemap-generator": "^1.0.0"
      }
    },
    "node_modules/fs-sitemap-generator": {
      "version": "1.0.0",
      "resolved": "https://registry.npmjs.org/fs-sitemap-generator/-/fs-sitemap-generator-1.0.0.tgz",
      "integrity": "sha512-vAGXEOddMEXvd1L3f3IgJA93V6ex4ldF46/qEnVV/2hb1MYZVKlbbnwBQguz6XoywSgMdGNHTz9GnqrRu8AMew=="
    }
  },
  "dependencies": {
    "fs-sitemap-generator": {
      "version": "1.0.0",
      "resolved": "https://registry.npmjs.org/fs-sitemap-generator/-/fs-sitemap-generator-1.0.0.tgz",
      "integrity": "sha512-vAGXEOddMEXvd1L3f3IgJA93V6ex4ldF46/qEnVV/2hb1MYZVKlbbnwBQguz6XoywSgMdGNHTz9GnqrRu8AMew=="
    }
  }
}
